
Microsoft Visual Studio Solution File, Format Version 12.00
# Visual Studio 15
VisualStudioVersion = 15.0.28307.489
MinimumVisualStudioVersion = 10.0.40219.1
Project("{2150E333-8FDC-42A3-9474-1A3956D46DE8}") = "Site", "Site", "{628CDBD1-49D0-4BAA-8E25-83C485EE6D97}"
EndProject
Project("{2150E333-8FDC-42A3-9474-1A3956D46DE8}") = "Application", "Application", "{F17AD07F-6022-4B05-9C4F-C213AA97537A}"
EndProject
Project("{2150E333-8FDC-42A3-9474-1A3956D46DE8}") = "Domain", "Domain", "{A2AC6FF6-9CCD-421C-85E2-6646A59DC6BB}"
EndProject
Project("{2150E333-8FDC-42A3-9474-1A3956D46DE8}") = "DataAccess", "DataAccess", "{431059C1-050D-49D3-A777-E42B0957900C}"
EndProject
Project("{2150E333-8FDC-42A3-9474-1A3956D46DE8}") = "Data", "Data", "{FEC70519-CA93-47A1-A7AC-18F93F468ED4}"
EndProject
Project("{FAE04EC0-301F-11D3-BF4B-00C04F79EFBC}") = "WebMotors.MVC", "WebMotors.MVC\WebMotors.MVC.csproj", "{6D14B469-5E96-47D5-B293-938B9DB70330}"
EndProject
Project("{FAE04EC0-301F-11D3-BF4B-00C04F79EFBC}") = "WebMotors.Domain", "WebMotors.Domain\WebMotors.Domain.csproj", "{A31D3C33-D913-41B4-8D28-70BADAEB1476}"
EndProject
Project("{FAE04EC0-301F-11D3-BF4B-00C04F79EFBC}") = "WebMotors.Infrastructure.Data", "WebMotors.Infrastructure.Data\WebMotors.Infrastructure.Data.csproj", "{8414D7C7-6243-44E1-9024-B7CE19A64A3C}"
EndProject
Project("{FAE04EC0-301F-11D3-BF4B-00C04F79EFBC}") = "WebMotors.Application", "WebMotors.Application\WebMotors.Application.csproj", "{D251537E-4A22-4E72-8565-61D6FB6843D4}"
EndProject
Project("{2150E333-8FDC-42A3-9474-1A3956D46DE8}") = "WebAPi", "WebAPi", "{6376E69E-9B04-4DAB-A496-E0EEA1D36B75}"
EndProject
Project("{FAE04EC0-301F-11D3-BF4B-00C04F79EFBC}") = "WebMotors.WebApi", "WebMotors.WebApi\WebMotors.WebApi.csproj", "{9EF3B7A8-DB85-4D34-A518-3A0E159DCC71}"
EndProject
Global
	GlobalSection(SolutionConfigurationPlatforms) = preSolution
		Debug|Any CPU = Debug|Any CPU
		Release|Any CPU = Release|Any CPU
	EndGlobalSection
	GlobalSection(ProjectConfigurationPlatforms) = postSolution
		{6D14B469-5E96-47D5-B293-938B9DB70330}.Debug|Any CPU.ActiveCfg = Debug|Any CPU
		{6D14B469-5E96-47D5-B293-938B9DB70330}.Debug|Any CPU.Build.0 = Debug|Any CPU
		{6D14B469-5E96-47D5-B293-938B9DB70330}.Release|Any CPU.ActiveCfg = Release|Any CPU
		{6D14B469-5E96-47D5-B293-938B9DB70330}.Release|Any CPU.Build.0 = Release|Any CPU
		{A31D3C33-D913-41B4-8D28-70BADAEB1476}.Debug|Any CPU.ActiveCfg = Debug|Any CPU
		{A31D3C33-D913-41B4-8D28-70BADAEB1476}.Debug|Any CPU.Build.0 = Debug|Any CPU
		{A31D3C33-D913-41B4-8D28-70BADAEB1476}.Release|Any CPU.ActiveCfg = Release|Any CPU
		{A31D3C33-D913-41B4-8D28-70BADAEB1476}.Release|Any CPU.Build.0 = Release|Any CPU
		{8414D7C7-6243-44E1-9024-B7CE19A64A3C}.Debug|Any CPU.ActiveCfg = Debug|Any CPU
		{8414D7C7-6243-44E1-9024-B7CE19A64A3C}.Debug|Any CPU.Build.0 = Debug|Any CPU
		{8414D7C7-6243-44E1-9024-B7CE19A64A3C}.Release|Any CPU.ActiveCfg = Release|Any CPU
		{8414D7C7-6243-44E1-9024-B7CE19A64A3C}.Release|Any CPU.Build.0 = Release|Any CPU
		{D251537E-4A22-4E72-8565-61D6FB6843D4}.Debug|Any CPU.ActiveCfg = Debug|Any CPU
		{D251537E-4A22-4E72-8565-61D6FB6843D4}.Debug|Any CPU.Build.0 = Debug|Any CPU
		{D251537E-4A22-4E72-8565-61D6FB6843D4}.Release|Any CPU.ActiveCfg = Release|Any CPU
		{D251537E-4A22-4E72-8565-61D6FB6843D4}.Release|Any CPU.Build.0 = Release|Any CPU
		{9EF3B7A8-DB85-4D34-A518-3A0E159DCC71}.Debug|Any CPU.ActiveCfg = Debug|Any CPU
		{9EF3B7A8-DB85-4D34-A518-3A0E159DCC71}.Debug|Any CPU.Build.0 = Debug|Any CPU
		{9EF3B7A8-DB85-4D34-A518-3A0E159DCC71}.Release|Any CPU.ActiveCfg = Release|Any CPU
		{9EF3B7A8-DB85-4D34-A518-3A0E159DCC71}.Release|Any CPU.Build.0 = Release|Any CPU
	EndGlobalSection
	GlobalSection(SolutionProperties) = preSolution
		HideSolutionNode = FALSE
	EndGlobalSection
	GlobalSection(NestedProjects) = preSolution
		{FEC70519-CA93-47A1-A7AC-18F93F468ED4} = {431059C1-050D-49D3-A777-E42B0957900C}
		{6D14B469-5E96-47D5-B293-938B9DB70330} = {628CDBD1-49D0-4BAA-8E25-83C485EE6D97}
		{A31D3C33-D913-41B4-8D28-70BADAEB1476} = {A2AC6FF6-9CCD-421C-85E2-6646A59DC6BB}
		{8414D7C7-6243-44E1-9024-B7CE19A64A3C} = {FEC70519-CA93-47A1-A7AC-18F93F468ED4}
		{D251537E-4A22-4E72-8565-61D6FB6843D4} = {F17AD07F-6022-4B05-9C4F-C213AA97537A}
		{9EF3B7A8-DB85-4D34-A518-3A0E159DCC71} = {6376E69E-9B04-4DAB-A496-E0EEA1D36B75}
	EndGlobalSection
	GlobalSection(ExtensibilityGlobals) = postSolution
		SolutionGuid = {D46A6DD7-C7BF-438C-BF1F-C2783ECB6999}
	EndGlobalSection
EndGlobal
